PODS:
  - JRSwizzle (1.0)
  - KVO-MVVM (0.4.20):
    - JRSwizzle
    - KVO-MVVM/HashTableMissings (= 0.4.20)
    - RuntimeRoutines
  - KVO-MVVM/HashTableMissings (0.4.20):
    - JRSwizzle
    - RuntimeRoutines
  - RuntimeRoutines (0.3.2)

DEPENDENCIES:
  - KVO-MVVM (from `../`)

EXTERNAL SOURCES:
  KVO-MVVM:
    :path: "../"

SPEC CHECKSUMS:
  JRSwizzle: dd5ead5d913a0f29e7f558200165849f006bb1e3
  KVO-MVVM: 99065ed8f4bf2220ff351c25e7839b4fa0c575f0
  RuntimeRoutines: 9253ad1e61a0e2af32cf2ce37393e9185003b94f

PODFILE CHECKSUM: c93da7a712cafb37210b433015ffcce845cdc840

COCOAPODS: 1.2.0
