PODS:
  - JRSwizzle (1.0)
  - KVO-MVVM (0.4.0):
    - JRSwizzle

DEPENDENCIES:
  - KVO-MVVM (from `../`)

EXTERNAL SOURCES:
  KVO-MVVM:
    :path: "../"

SPEC CHECKSUMS:
  JRSwizzle: dd5ead5d913a0f29e7f558200165849f006bb1e3
  KVO-MVVM: b3180238fc49c30ff4d9acf8a5ff5942023a2347

PODFILE CHECKSUM: c93da7a712cafb37210b433015ffcce845cdc840

COCOAPODS: 1.0.1
